
Microsoft Visual Studio Solution File, Format Version 12.00
# Visual Studio Version 17
VisualStudioVersion = 17.8.34525.116
MinimumVisualStudioVersion = 10.0.40219.1
Project("{2150E333-8FDC-42A3-9474-1A3956D46DE8}") = "Architecture", "Architecture", "{DF251D85-7F53-406B-9684-EC3ABD28BBCD}"
EndProject
Project("{2150E333-8FDC-42A3-9474-1A3956D46DE8}") = "Transversal", "Transversal", "{4799015D-5037-4918-899E-8C502E7AA5E3}"
EndProject
Project("{9A19103F-16F7-4668-BE54-9A1E7A4F7556}") = "GrupoBIOS.Transversal.Common", "Transversal\GrupoBIOS.Transversal.Common\GrupoBIOS.Transversal.Common.csproj", "{51113D50-B978-446F-9FA4-5F7DAC137CD3}"
EndProject
Project("{9A19103F-16F7-4668-BE54-9A1E7A4F7556}") = "GrupoBIOS.Transversal.Logging", "Transversal\GrupoBIOS.Transversal.Logging\GrupoBIOS.Transversal.Logging.csproj", "{21A25FF4-55B5-41BE-8639-78A244C41550}"
EndProject
Project("{9A19103F-16F7-4668-BE54-9A1E7A4F7556}") = "GrupoBIOS.Transversal.Mapper", "Transversal\GrupoBIOS.Transversal.Mapper\GrupoBIOS.Transversal.Mapper.csproj", "{5A318130-CBB6-4A2E-8C4F-E9E341B958B2}"
EndProject
Project("{2150E333-8FDC-42A3-9474-1A3956D46DE8}") = "Services", "Services", "{FAA9A850-F91D-4773-93DC-7EF87043BCED}"
EndProject
Project("{9A19103F-16F7-4668-BE54-9A1E7A4F7556}") = "GrupoBIOS.Services.API", "Services\GrupoBIOS.Services.API\GrupoBIOS.Services.API.csproj", "{E863A256-729E-4D20-BA00-EE5F7E6956D3}"
EndProject
Project("{2150E333-8FDC-42A3-9474-1A3956D46DE8}") = "Infrastructure", "Infrastructure", "{83E4B26B-D1CF-45E9-955C-583966600B17}"
EndProject
Project("{9A19103F-16F7-4668-BE54-9A1E7A4F7556}") = "GrupoBIOS.InfraStructure.Data", "Infrastructure\GrupoBIOS.InfraStructure.Data\GrupoBIOS.InfraStructure.Data.csproj", "{411F2449-3A05-4A31-97DC-9CC9E7091A73}"
EndProject
Project("{9A19103F-16F7-4668-BE54-9A1E7A4F7556}") = "GrupoBIOS.InfraStructure.Interface", "Infrastructure\GrupoBIOS.InfraStructure.Interface\GrupoBIOS.InfraStructure.Interface.csproj", "{143D6CAE-25AD-4B39-B6C9-214570834254}"
EndProject
Project("{9A19103F-16F7-4668-BE54-9A1E7A4F7556}") = "GrupoBIOS.InfraStructure.Repository", "Infrastructure\GrupoBIOS.InfraStructure.Repository\GrupoBIOS.InfraStructure.Repository.csproj", "{D086AB74-766A-42F8-9833-AB128C0B6424}"
EndProject
Project("{2150E333-8FDC-42A3-9474-1A3956D46DE8}") = "Application", "Application", "{8EA77394-9EB6-403A-ABD9-A3FAB039294B}"
EndProject
Project("{9A19103F-16F7-4668-BE54-9A1E7A4F7556}") = "GrupoBIOS.Application.DTOs", "Application\GrupoBIOS.Application.DTOs\GrupoBIOS.Application.DTOs.csproj", "{C16BADBF-E222-46D6-88D7-CBD41995A408}"
EndProject
Project("{9A19103F-16F7-4668-BE54-9A1E7A4F7556}") = "GrupoBIOS.Application.Interface", "Application\GrupoBIOS.Application.Interface\GrupoBIOS.Application.Interface.csproj", "{9AE7F2A1-94EC-4BCC-B7AB-1835C9AF9915}"
EndProject
Project("{9A19103F-16F7-4668-BE54-9A1E7A4F7556}") = "GrupoBIOS.Application.Main", "Application\GrupoBIOS.Application.Main\GrupoBIOS.Application.Main.csproj", "{61BE34F4-0FFF-468C-82E3-B1416F41DEA1}"
EndProject
Project("{2150E333-8FDC-42A3-9474-1A3956D46DE8}") = "Domain", "Domain", "{CF49CEE6-DC72-491F-8EDD-C0318DA0D311}"
EndProject
Project("{9A19103F-16F7-4668-BE54-9A1E7A4F7556}") = "GrupoBIOS.Domain.Entity", "Domain\GrupoBIOS.Domain.Entity\GrupoBIOS.Domain.Entity.csproj", "{3CF1F101-CF33-4B6E-A2C7-3F89A802D123}"
EndProject
Project("{9A19103F-16F7-4668-BE54-9A1E7A4F7556}") = "GrupoBIOS.Domain.Core", "Domain\GrupoBIOS.Domain.Core\GrupoBIOS.Domain.Core.csproj", "{7F3B885C-0E07-4646-A1B7-1ADB7A91A75A}"
EndProject
Project("{2150E333-8FDC-42A3-9474-1A3956D46DE8}") = "Presentation", "Presentation", "{6E481354-D18D-4F36-B50C-8EE94AB6081D}"
EndProject
Project("{2150E333-8FDC-42A3-9474-1A3956D46DE8}") = "Elementos de la solución", "Elementos de la solución", "{56A16F0E-853A-4B93-B6EE-16BBC8F07BA7}"
	ProjectSection(SolutionItems) = preProject
		.gitignore = .gitignore
	EndProjectSection
EndProject
Project("{9A19103F-16F7-4668-BE54-9A1E7A4F7556}") = "GrupoBIOS.Domain.Interface", "Domain\GrupoBIOS.Domain.Interface\GrupoBIOS.Domain.Interface.csproj", "{44E66F83-28F8-455B-A116-59F3A920D938}"
EndProject
Project("{9A19103F-16F7-4668-BE54-9A1E7A4F7556}") = "GrupoBIOS.Transversal.Utils", "Transversal\GrupoBIOS.Transversal.Utils\GrupoBIOS.Transversal.Utils.csproj", "{070B5B9E-3B99-4912-9B80-0D3C9E4A8560}"
EndProject
Project("{2150E333-8FDC-42A3-9474-1A3956D46DE8}") = "DataBase", "DataBase", "{94821F7F-B474-4FAF-B67C-4DC72AE80533}"
EndProject
Project("{00D1A9C2-B5F0-4AF3-8072-F6C62B433612}") = "GrupoBIOS.DataBase.FacturacionAlmacenamiento", "DataBase\GrupoBIOS.DataBase.FacturacionAlmacenamiento\GrupoBIOS.DataBase.FacturacionAlmacenamiento.sqlproj", "{652D8D6C-1940-4CD0-96E1-98A24202532B}"
EndProject
Project("{9A19103F-16F7-4668-BE54-9A1E7A4F7556}") = "GrupoBIOS.Presentation.WebUI", "Presentation\GrupoBIOS.Presentation.WebUI\GrupoBIOS.Presentation.WebUI.csproj", "{A6D68AB2-B22A-4F73-BE59-93EABEF293EE}"
EndProject
Global
	GlobalSection(SolutionConfigurationPlatforms) = preSolution
		Debug|Any CPU = Debug|Any CPU
		Release|Any CPU = Release|Any CPU
	EndGlobalSection
	GlobalSection(ProjectConfigurationPlatforms) = postSolution
		{51113D50-B978-446F-9FA4-5F7DAC137CD3}.Debug|Any CPU.ActiveCfg = Debug|Any CPU
		{51113D50-B978-446F-9FA4-5F7DAC137CD3}.Debug|Any CPU.Build.0 = Debug|Any CPU
		{51113D50-B978-446F-9FA4-5F7DAC137CD3}.Release|Any CPU.ActiveCfg = Release|Any CPU
		{51113D50-B978-446F-9FA4-5F7DAC137CD3}.Release|Any CPU.Build.0 = Release|Any CPU
		{21A25FF4-55B5-41BE-8639-78A244C41550}.Debug|Any CPU.ActiveCfg = Debug|Any CPU
		{21A25FF4-55B5-41BE-8639-78A244C41550}.Debug|Any CPU.Build.0 = Debug|Any CPU
		{21A25FF4-55B5-41BE-8639-78A244C41550}.Release|Any CPU.ActiveCfg = Release|Any CPU
		{21A25FF4-55B5-41BE-8639-78A244C41550}.Release|Any CPU.Build.0 = Release|Any CPU
		{5A318130-CBB6-4A2E-8C4F-E9E341B958B2}.Debug|Any CPU.ActiveCfg = Debug|Any CPU
		{5A318130-CBB6-4A2E-8C4F-E9E341B958B2}.Debug|Any CPU.Build.0 = Debug|Any CPU
		{5A318130-CBB6-4A2E-8C4F-E9E341B958B2}.Release|Any CPU.ActiveCfg = Release|Any CPU
		{5A318130-CBB6-4A2E-8C4F-E9E341B958B2}.Release|Any CPU.Build.0 = Release|Any CPU
		{E863A256-729E-4D20-BA00-EE5F7E6956D3}.Debug|Any CPU.ActiveCfg = Debug|Any CPU
		{E863A256-729E-4D20-BA00-EE5F7E6956D3}.Debug|Any CPU.Build.0 = Debug|Any CPU
		{E863A256-729E-4D20-BA00-EE5F7E6956D3}.Release|Any CPU.ActiveCfg = Release|Any CPU
		{E863A256-729E-4D20-BA00-EE5F7E6956D3}.Release|Any CPU.Build.0 = Release|Any CPU
		{411F2449-3A05-4A31-97DC-9CC9E7091A73}.Debug|Any CPU.ActiveCfg = Debug|Any CPU
		{411F2449-3A05-4A31-97DC-9CC9E7091A73}.Debug|Any CPU.Build.0 = Debug|Any CPU
		{411F2449-3A05-4A31-97DC-9CC9E7091A73}.Release|Any CPU.ActiveCfg = Release|Any CPU
		{411F2449-3A05-4A31-97DC-9CC9E7091A73}.Release|Any CPU.Build.0 = Release|Any CPU
		{143D6CAE-25AD-4B39-B6C9-214570834254}.Debug|Any CPU.ActiveCfg = Debug|Any CPU
		{143D6CAE-25AD-4B39-B6C9-214570834254}.Debug|Any CPU.Build.0 = Debug|Any CPU
		{143D6CAE-25AD-4B39-B6C9-214570834254}.Release|Any CPU.ActiveCfg = Release|Any CPU
		{143D6CAE-25AD-4B39-B6C9-214570834254}.Release|Any CPU.Build.0 = Release|Any CPU
		{D086AB74-766A-42F8-9833-AB128C0B6424}.Debug|Any CPU.ActiveCfg = Debug|Any CPU
		{D086AB74-766A-42F8-9833-AB128C0B6424}.Debug|Any CPU.Build.0 = Debug|Any CPU
		{D086AB74-766A-42F8-9833-AB128C0B6424}.Release|Any CPU.ActiveCfg = Release|Any CPU
		{D086AB74-766A-42F8-9833-AB128C0B6424}.Release|Any CPU.Build.0 = Release|Any CPU
		{C16BADBF-E222-46D6-88D7-CBD41995A408}.Debug|Any CPU.ActiveCfg = Debug|Any CPU
		{C16BADBF-E222-46D6-88D7-CBD41995A408}.Debug|Any CPU.Build.0 = Debug|Any CPU
		{C16BADBF-E222-46D6-88D7-CBD41995A408}.Release|Any CPU.ActiveCfg = Release|Any CPU
		{C16BADBF-E222-46D6-88D7-CBD41995A408}.Release|Any CPU.Build.0 = Release|Any CPU
		{9AE7F2A1-94EC-4BCC-B7AB-1835C9AF9915}.Debug|Any CPU.ActiveCfg = Debug|Any CPU
		{9AE7F2A1-94EC-4BCC-B7AB-1835C9AF9915}.Debug|Any CPU.Build.0 = Debug|Any CPU
		{9AE7F2A1-94EC-4BCC-B7AB-1835C9AF9915}.Release|Any CPU.ActiveCfg = Release|Any CPU
		{9AE7F2A1-94EC-4BCC-B7AB-1835C9AF9915}.Release|Any CPU.Build.0 = Release|Any CPU
		{61BE34F4-0FFF-468C-82E3-B1416F41DEA1}.Debug|Any CPU.ActiveCfg = Debug|Any CPU
		{61BE34F4-0FFF-468C-82E3-B1416F41DEA1}.Debug|Any CPU.Build.0 = Debug|Any CPU
		{61BE34F4-0FFF-468C-82E3-B1416F41DEA1}.Release|Any CPU.ActiveCfg = Release|Any CPU
		{61BE34F4-0FFF-468C-82E3-B1416F41DEA1}.Release|Any CPU.Build.0 = Release|Any CPU
		{3CF1F101-CF33-4B6E-A2C7-3F89A802D123}.Debug|Any CPU.ActiveCfg = Debug|Any CPU
		{3CF1F101-CF33-4B6E-A2C7-3F89A802D123}.Debug|Any CPU.Build.0 = Debug|Any CPU
		{3CF1F101-CF33-4B6E-A2C7-3F89A802D123}.Release|Any CPU.ActiveCfg = Release|Any CPU
		{3CF1F101-CF33-4B6E-A2C7-3F89A802D123}.Release|Any CPU.Build.0 = Release|Any CPU
		{7F3B885C-0E07-4646-A1B7-1ADB7A91A75A}.Debug|Any CPU.ActiveCfg = Debug|Any CPU
		{7F3B885C-0E07-4646-A1B7-1ADB7A91A75A}.Debug|Any CPU.Build.0 = Debug|Any CPU
		{7F3B885C-0E07-4646-A1B7-1ADB7A91A75A}.Release|Any CPU.ActiveCfg = Release|Any CPU
		{7F3B885C-0E07-4646-A1B7-1ADB7A91A75A}.Release|Any CPU.Build.0 = Release|Any CPU
		{44E66F83-28F8-455B-A116-59F3A920D938}.Debug|Any CPU.ActiveCfg = Debug|Any CPU
		{44E66F83-28F8-455B-A116-59F3A920D938}.Debug|Any CPU.Build.0 = Debug|Any CPU
		{44E66F83-28F8-455B-A116-59F3A920D938}.Release|Any CPU.ActiveCfg = Release|Any CPU
		{44E66F83-28F8-455B-A116-59F3A920D938}.Release|Any CPU.Build.0 = Release|Any CPU
		{070B5B9E-3B99-4912-9B80-0D3C9E4A8560}.Debug|Any CPU.ActiveCfg = Debug|Any CPU
		{070B5B9E-3B99-4912-9B80-0D3C9E4A8560}.Debug|Any CPU.Build.0 = Debug|Any CPU
		{070B5B9E-3B99-4912-9B80-0D3C9E4A8560}.Release|Any CPU.ActiveCfg = Release|Any CPU
		{070B5B9E-3B99-4912-9B80-0D3C9E4A8560}.Release|Any CPU.Build.0 = Release|Any CPU
		{652D8D6C-1940-4CD0-96E1-98A24202532B}.Debug|Any CPU.ActiveCfg = Debug|Any CPU
		{652D8D6C-1940-4CD0-96E1-98A24202532B}.Debug|Any CPU.Build.0 = Debug|Any CPU
		{652D8D6C-1940-4CD0-96E1-98A24202532B}.Debug|Any CPU.Deploy.0 = Debug|Any CPU
		{652D8D6C-1940-4CD0-96E1-98A24202532B}.Release|Any CPU.ActiveCfg = Release|Any CPU
		{652D8D6C-1940-4CD0-96E1-98A24202532B}.Release|Any CPU.Build.0 = Release|Any CPU
		{652D8D6C-1940-4CD0-96E1-98A24202532B}.Release|Any CPU.Deploy.0 = Release|Any CPU
		{A6D68AB2-B22A-4F73-BE59-93EABEF293EE}.Debug|Any CPU.ActiveCfg = Debug|Any CPU
		{A6D68AB2-B22A-4F73-BE59-93EABEF293EE}.Debug|Any CPU.Build.0 = Debug|Any CPU
		{A6D68AB2-B22A-4F73-BE59-93EABEF293EE}.Release|Any CPU.ActiveCfg = Release|Any CPU
		{A6D68AB2-B22A-4F73-BE59-93EABEF293EE}.Release|Any CPU.Build.0 = Release|Any CPU
	EndGlobalSection
	GlobalSection(SolutionProperties) = preSolution
		HideSolutionNode = FALSE
	EndGlobalSection
	GlobalSection(NestedProjects) = preSolution
		{4799015D-5037-4918-899E-8C502E7AA5E3} = {DF251D85-7F53-406B-9684-EC3ABD28BBCD}
		{51113D50-B978-446F-9FA4-5F7DAC137CD3} = {4799015D-5037-4918-899E-8C502E7AA5E3}
		{21A25FF4-55B5-41BE-8639-78A244C41550} = {4799015D-5037-4918-899E-8C502E7AA5E3}
		{5A318130-CBB6-4A2E-8C4F-E9E341B958B2} = {4799015D-5037-4918-899E-8C502E7AA5E3}
		{FAA9A850-F91D-4773-93DC-7EF87043BCED} = {DF251D85-7F53-406B-9684-EC3ABD28BBCD}
		{E863A256-729E-4D20-BA00-EE5F7E6956D3} = {FAA9A850-F91D-4773-93DC-7EF87043BCED}
		{83E4B26B-D1CF-45E9-955C-583966600B17} = {DF251D85-7F53-406B-9684-EC3ABD28BBCD}
		{411F2449-3A05-4A31-97DC-9CC9E7091A73} = {83E4B26B-D1CF-45E9-955C-583966600B17}
		{143D6CAE-25AD-4B39-B6C9-214570834254} = {83E4B26B-D1CF-45E9-955C-583966600B17}
		{D086AB74-766A-42F8-9833-AB128C0B6424} = {83E4B26B-D1CF-45E9-955C-583966600B17}
		{8EA77394-9EB6-403A-ABD9-A3FAB039294B} = {DF251D85-7F53-406B-9684-EC3ABD28BBCD}
		{C16BADBF-E222-46D6-88D7-CBD41995A408} = {8EA77394-9EB6-403A-ABD9-A3FAB039294B}
		{9AE7F2A1-94EC-4BCC-B7AB-1835C9AF9915} = {8EA77394-9EB6-403A-ABD9-A3FAB039294B}
		{61BE34F4-0FFF-468C-82E3-B1416F41DEA1} = {8EA77394-9EB6-403A-ABD9-A3FAB039294B}
		{CF49CEE6-DC72-491F-8EDD-C0318DA0D311} = {DF251D85-7F53-406B-9684-EC3ABD28BBCD}
		{3CF1F101-CF33-4B6E-A2C7-3F89A802D123} = {CF49CEE6-DC72-491F-8EDD-C0318DA0D311}
		{7F3B885C-0E07-4646-A1B7-1ADB7A91A75A} = {CF49CEE6-DC72-491F-8EDD-C0318DA0D311}
		{6E481354-D18D-4F36-B50C-8EE94AB6081D} = {DF251D85-7F53-406B-9684-EC3ABD28BBCD}
		{44E66F83-28F8-455B-A116-59F3A920D938} = {CF49CEE6-DC72-491F-8EDD-C0318DA0D311}
		{070B5B9E-3B99-4912-9B80-0D3C9E4A8560} = {4799015D-5037-4918-899E-8C502E7AA5E3}
		{652D8D6C-1940-4CD0-96E1-98A24202532B} = {94821F7F-B474-4FAF-B67C-4DC72AE80533}
		{A6D68AB2-B22A-4F73-BE59-93EABEF293EE} = {6E481354-D18D-4F36-B50C-8EE94AB6081D}
	EndGlobalSection
	GlobalSection(ExtensibilityGlobals) = postSolution
		SolutionGuid = {E074AA62-8991-4F91-A973-F2AEFB5821D2}
	EndGlobalSection
EndGlobal
